
Microsoft Visual Studio Solution File, Format Version 12.00
# Visual Studio Version 17
VisualStudioVersion = 17.13.35931.197
MinimumVisualStudioVersion = 10.0.40219.1
Project("{FAE04EC0-301F-11D3-BF4B-00C04F79EFBC}") = "Web", "Web\Web.csproj", "{8D190311-F158-46D9-8788-F379CB04FC06}"
EndProject
Project("{2150E333-8FDC-42A3-9474-1A3956D46DE8}") = "DevExtreme NuGet.config", "DevExtreme NuGet.config", "{02EA681E-C7D8-13C7-8484-4AC65E1B71E8}"
	ProjectSection(SolutionItems) = preProject
		NuGet.config = NuGet.config
	EndProjectSection
EndProject
Project("{FAE04EC0-301F-11D3-BF4B-00C04F79EFBC}") = "Web.Tests", "Web.Tests\Web.Tests.csproj", "{3E409843-04EA-45AD-939A-41EB80E8078F}"
EndProject
Project("{FAE04EC0-301F-11D3-BF4B-00C04F79EFBC}") = "CMS", "CMS\CMS.csproj", "{4E602B07-97E1-7A0A-4EB1-ECD52404957F}"
EndProject
Global
	GlobalSection(SolutionConfigurationPlatforms) = preSolution
		Debug|Any CPU = Debug|Any CPU
		Release|Any CPU = Release|Any CPU
	EndGlobalSection
	GlobalSection(ProjectConfigurationPlatforms) = postSolution
		{8D190311-F158-46D9-8788-F379CB04FC06}.Debug|Any CPU.ActiveCfg = Debug|Any CPU
		{8D190311-F158-46D9-8788-F379CB04FC06}.Debug|Any CPU.Build.0 = Debug|Any CPU
		{8D190311-F158-46D9-8788-F379CB04FC06}.Release|Any CPU.ActiveCfg = Release|Any CPU
		{8D190311-F158-46D9-8788-F379CB04FC06}.Release|Any CPU.Build.0 = Release|Any CPU
		{3E409843-04EA-45AD-939A-41EB80E8078F}.Debug|Any CPU.ActiveCfg = Debug|Any CPU
		{3E409843-04EA-45AD-939A-41EB80E8078F}.Debug|Any CPU.Build.0 = Debug|Any CPU
		{3E409843-04EA-45AD-939A-41EB80E8078F}.Release|Any CPU.ActiveCfg = Release|Any CPU
		{3E409843-04EA-45AD-939A-41EB80E8078F}.Release|Any CPU.Build.0 = Release|Any CPU
		{4E602B07-97E1-7A0A-4EB1-ECD52404957F}.Debug|Any CPU.ActiveCfg = Debug|Any CPU
		{4E602B07-97E1-7A0A-4EB1-ECD52404957F}.Debug|Any CPU.Build.0 = Debug|Any CPU
		{4E602B07-97E1-7A0A-4EB1-ECD52404957F}.Release|Any CPU.ActiveCfg = Release|Any CPU
		{4E602B07-97E1-7A0A-4EB1-ECD52404957F}.Release|Any CPU.Build.0 = Release|Any CPU
	EndGlobalSection
	GlobalSection(SolutionProperties) = preSolution
		HideSolutionNode = FALSE
	EndGlobalSection
	GlobalSection(ExtensibilityGlobals) = postSolution
		SolutionGuid = {EB8CA58E-93E4-4652-A59D-F561DD8C10B9}
	EndGlobalSection
EndGlobal
