
Microsoft Visual Studio Solution File, Format Version 12.00
# Visual Studio Version 17
VisualStudioVersion = 17.13.35931.197 d17.13
MinimumVisualStudioVersion = 10.0.40219.1
Project("{FAE04EC0-301F-11D3-BF4B-00C04F79EFBC}") = "CMS", "CMS.csproj", "{D566424B-7304-4321-8D00-61F56AC2D997}"
EndProject
Global
	GlobalSection(SolutionConfigurationPlatforms) = preSolution
		Debug|Any CPU = Debug|Any CPU
		Release|Any CPU = Release|Any CPU
	EndGlobalSection
	GlobalSection(ProjectConfigurationPlatforms) = postSolution
		{D566424B-7304-4321-8D00-61F56AC2D997}.Debug|Any CPU.ActiveCfg = Debug|Any CPU
		{D566424B-7304-4321-8D00-61F56AC2D997}.Debug|Any CPU.Build.0 = Debug|Any CPU
		{D566424B-7304-4321-8D00-61F56AC2D997}.Release|Any CPU.ActiveCfg = Release|Any CPU
		{D566424B-7304-4321-8D00-61F56AC2D997}.Release|Any CPU.Build.0 = Release|Any CPU
	EndGlobalSection
	GlobalSection(SolutionProperties) = preSolution
		HideSolutionNode = FALSE
	EndGlobalSection
	GlobalSection(ExtensibilityGlobals) = postSolution
		SolutionGuid = {7EBFA7B0-D5C8-4E3B-A87D-0AA389C5931A}
	EndGlobalSection
EndGlobal
